
Microsoft Visual Studio Solution File, Format Version 12.00
# Visual Studio 15
VisualStudioVersion = 15.0.26730.12
MinimumVisualStudioVersion = 10.0.40219.1
Project("{FAE04EC0-301F-11D3-BF4B-00C04F79EFBC}") = "Märkmete haldamine", "Märkmete haldamine\Märkmete haldamine.csproj", "{E421B41C-5DF1-4FE1-B130-E06AD9A03B28}"
EndProject
Global
	GlobalSection(SolutionConfigurationPlatforms) = preSolution
		Debug|Any CPU = Debug|Any CPU
		Release|Any CPU = Release|Any CPU
	EndGlobalSection
	GlobalSection(ProjectConfigurationPlatforms) = postSolution
		{E421B41C-5DF1-4FE1-B130-E06AD9A03B28}.Debug|Any CPU.ActiveCfg = Debug|Any CPU
		{E421B41C-5DF1-4FE1-B130-E06AD9A03B28}.Debug|Any CPU.Build.0 = Debug|Any CPU
		{E421B41C-5DF1-4FE1-B130-E06AD9A03B28}.Release|Any CPU.ActiveCfg = Release|Any CPU
		{E421B41C-5DF1-4FE1-B130-E06AD9A03B28}.Release|Any CPU.Build.0 = Release|Any CPU
	EndGlobalSection
	GlobalSection(SolutionProperties) = preSolution
		HideSolutionNode = FALSE
	EndGlobalSection
	GlobalSection(ExtensibilityGlobals) = postSolution
		SolutionGuid = {E35FBE65-286F-457F-AF30-B412B6A16277}
	EndGlobalSection
EndGlobal
